
Microsoft Visual Studio Solution File, Format Version 12.00
# Visual Studio 15
VisualStudioVersion = 15.0.28307.1927
MinimumVisualStudioVersion = 10.0.40219.1
Project("{FAE04EC0-301F-11D3-BF4B-00C04F79EFBC}") = "Zadanie2", "Zadanie2\Zadanie2.csproj", "{0BB4E8DD-8F67-4061-BE40-C750806FAE19}"
EndProject
Global
	GlobalSection(SolutionConfigurationPlatforms) = preSolution
		Debug|Any CPU = Debug|Any CPU
		Release|Any CPU = Release|Any CPU
	EndGlobalSection
	GlobalSection(ProjectConfigurationPlatforms) = postSolution
		{0BB4E8DD-8F67-4061-BE40-C750806FAE19}.Debug|Any CPU.ActiveCfg = Debug|Any CPU
		{0BB4E8DD-8F67-4061-BE40-C750806FAE19}.Debug|Any CPU.Build.0 = Debug|Any CPU
		{0BB4E8DD-8F67-4061-BE40-C750806FAE19}.Release|Any CPU.ActiveCfg = Release|Any CPU
		{0BB4E8DD-8F67-4061-BE40-C750806FAE19}.Release|Any CPU.Build.0 = Release|Any CPU
	EndGlobalSection
	GlobalSection(SolutionProperties) = preSolution
		HideSolutionNode = FALSE
	EndGlobalSection
	GlobalSection(ExtensibilityGlobals) = postSolution
		SolutionGuid = {585F7847-1747-4474-95C4-B7260CA8D881}
	EndGlobalSection
EndGlobal
